// !$*UTF8*$!
{
	archiveVersion = 1;
	classes = {
	};
	objectVersion = 56;
	objects = {

/* Begin PBXBuildFile section */
		240EA4692BE6CAB3005A1C79 /* LikedPostsView.swift in Sources */ = {isa = PBXBuildFile; fileRef = 240EA4682BE6CAB3005A1C79 /* LikedPostsView.swift */; };
		240EA46B2BE6E05C005A1C79 /* ArtitsListView.swift in Sources */ = {isa = PBXBuildFile; fileRef = 240EA46A2BE6E05C005A1C79 /* ArtitsListView.swift */; };
		242D83922BE95CE600736F1F /* FirebaseAnalytics in Frameworks */ = {isa = PBXBuildFile; productRef = 242D83912BE95CE600736F1F /* FirebaseAnalytics */; };
		242D83942BE95CE600736F1F /* FirebaseAnalyticsOnDeviceConversion in Frameworks */ = {isa = PBXBuildFile; productRef = 242D83932BE95CE600736F1F /* FirebaseAnalyticsOnDeviceConversion */; };
		242D83962BE95CE600736F1F /* FirebaseAnalyticsSwift in Frameworks */ = {isa = PBXBuildFile; productRef = 242D83952BE95CE600736F1F /* FirebaseAnalyticsSwift */; };
		242D83982BE95CE600736F1F /* FirebaseAnalyticsWithoutAdIdSupport in Frameworks */ = {isa = PBXBuildFile; productRef = 242D83972BE95CE600736F1F /* FirebaseAnalyticsWithoutAdIdSupport */; };
		242D839A2BE95CE600736F1F /* FirebaseAppCheck in Frameworks */ = {isa = PBXBuildFile; productRef = 242D83992BE95CE600736F1F /* FirebaseAppCheck */; };
		242D839C2BE95CE600736F1F /* FirebaseAppDistribution-Beta in Frameworks */ = {isa = PBXBuildFile; productRef = 242D839B2BE95CE600736F1F /* FirebaseAppDistribution-Beta */; };
		242D839E2BE95CE600736F1F /* FirebaseAuth in Frameworks */ = {isa = PBXBuildFile; productRef = 242D839D2BE95CE600736F1F /* FirebaseAuth */; };
		242D83A02BE95CE600736F1F /* FirebaseAuthCombine-Community in Frameworks */ = {isa = PBXBuildFile; productRef = 242D839F2BE95CE600736F1F /* FirebaseAuthCombine-Community */; };
		242D83A22BE95CE600736F1F /* FirebaseCrashlytics in Frameworks */ = {isa = PBXBuildFile; productRef = 242D83A12BE95CE600736F1F /* FirebaseCrashlytics */; };
		242D83A42BE95CE600736F1F /* FirebaseDatabase in Frameworks */ = {isa = PBXBuildFile; productRef = 242D83A32BE95CE600736F1F /* FirebaseDatabase */; };
		242D83A62BE95CE600736F1F /* FirebaseDatabaseSwift in Frameworks */ = {isa = PBXBuildFile; productRef = 242D83A52BE95CE600736F1F /* FirebaseDatabaseSwift */; };
		242D83A82BE95CE600736F1F /* FirebaseDynamicLinks in Frameworks */ = {isa = PBXBuildFile; productRef = 242D83A72BE95CE600736F1F /* FirebaseDynamicLinks */; };
		242D83AA2BE95CE600736F1F /* FirebaseFirestore in Frameworks */ = {isa = PBXBuildFile; productRef = 242D83A92BE95CE600736F1F /* FirebaseFirestore */; };
		242D83AC2BE95CE600736F1F /* FirebaseFirestoreCombine-Community in Frameworks */ = {isa = PBXBuildFile; productRef = 242D83AB2BE95CE600736F1F /* FirebaseFirestoreCombine-Community */; };
		242D83AE2BE95CE600736F1F /* FirebaseFirestoreSwift in Frameworks */ = {isa = PBXBuildFile; productRef = 242D83AD2BE95CE600736F1F /* FirebaseFirestoreSwift */; };
		242D83B02BE95CE600736F1F /* FirebaseFunctions in Frameworks */ = {isa = PBXBuildFile; productRef = 242D83AF2BE95CE600736F1F /* FirebaseFunctions */; };
		242D83B22BE95CE600736F1F /* FirebaseFunctionsCombine-Community in Frameworks */ = {isa = PBXBuildFile; productRef = 242D83B12BE95CE600736F1F /* FirebaseFunctionsCombine-Community */; };
		242D83B42BE95CE600736F1F /* FirebaseInAppMessaging-Beta in Frameworks */ = {isa = PBXBuildFile; productRef = 242D83B32BE95CE600736F1F /* FirebaseInAppMessaging-Beta */; };
		242D83B62BE95CE600736F1F /* FirebaseInAppMessagingSwift-Beta in Frameworks */ = {isa = PBXBuildFile; productRef = 242D83B52BE95CE600736F1F /* FirebaseInAppMessagingSwift-Beta */; };
		242D83B82BE95CE600736F1F /* FirebaseInstallations in Frameworks */ = {isa = PBXBuildFile; productRef = 242D83B72BE95CE600736F1F /* FirebaseInstallations */; };
		242D83BA2BE95CE600736F1F /* FirebaseMLModelDownloader in Frameworks */ = {isa = PBXBuildFile; productRef = 242D83B92BE95CE600736F1F /* FirebaseMLModelDownloader */; };
		242D83BC2BE95CE600736F1F /* FirebaseMessaging in Frameworks */ = {isa = PBXBuildFile; productRef = 242D83BB2BE95CE600736F1F /* FirebaseMessaging */; };
		242D83BE2BE95CE600736F1F /* FirebasePerformance in Frameworks */ = {isa = PBXBuildFile; productRef = 242D83BD2BE95CE600736F1F /* FirebasePerformance */; };
		242D83C02BE95CE600736F1F /* FirebaseRemoteConfig in Frameworks */ = {isa = PBXBuildFile; productRef = 242D83BF2BE95CE600736F1F /* FirebaseRemoteConfig */; };
		242D83C22BE95CE600736F1F /* FirebaseRemoteConfigSwift in Frameworks */ = {isa = PBXBuildFile; productRef = 242D83C12BE95CE600736F1F /* FirebaseRemoteConfigSwift */; };
		242D83C42BE95CE600736F1F /* FirebaseStorage in Frameworks */ = {isa = PBXBuildFile; productRef = 242D83C32BE95CE600736F1F /* FirebaseStorage */; };
		242D83C62BE95CE600736F1F /* FirebaseStorageCombine-Community in Frameworks */ = {isa = PBXBuildFile; productRef = 242D83C52BE95CE600736F1F /* FirebaseStorageCombine-Community */; };
		243428572BE7E1EB00578BBA /* EditDesignView.swift in Sources */ = {isa = PBXBuildFile; fileRef = 243428562BE7E1EB00578BBA /* EditDesignView.swift */; };
		243772A22BEA309C001455D8 /* GetAllDesignsUseCase.swift in Sources */ = {isa = PBXBuildFile; fileRef = 243772A12BEA309C001455D8 /* GetAllDesignsUseCase.swift */; };
		243772A42BEA3212001455D8 /* FetchUserWithIdUseCase.swift in Sources */ = {isa = PBXBuildFile; fileRef = 243772A32BEA3212001455D8 /* FetchUserWithIdUseCase.swift */; };
		243772A62BEA37A7001455D8 /* GetMineDesignsUseCase.swift in Sources */ = {isa = PBXBuildFile; fileRef = 243772A52BEA37A7001455D8 /* GetMineDesignsUseCase.swift */; };
		243772A82BEA3A77001455D8 /* GetPostsUseCase.swift in Sources */ = {isa = PBXBuildFile; fileRef = 243772A72BEA3A77001455D8 /* GetPostsUseCase.swift */; };
		243772AA2BEA4CE1001455D8 /* PostModel.swift in Sources */ = {isa = PBXBuildFile; fileRef = 243772A92BEA4CE1001455D8 /* PostModel.swift */; };
		243772AC2BEA5BCD001455D8 /* GetArtistDesignsUseCase.swift in Sources */ = {isa = PBXBuildFile; fileRef = 243772AB2BEA5BCD001455D8 /* GetArtistDesignsUseCase.swift */; };
		243F77BF2B9E071E00899AD5 /* UseCase.swift in Sources */ = {isa = PBXBuildFile; fileRef = 243F77BE2B9E071D00899AD5 /* UseCase.swift */; };
		243F77C22B9E08C500899AD5 /* FetchCurrentUserUseCase.swift in Sources */ = {isa = PBXBuildFile; fileRef = 243F77C12B9E08C500899AD5 /* FetchCurrentUserUseCase.swift */; };
		243F77C42B9E08D900899AD5 /* UsersRepository.swift in Sources */ = {isa = PBXBuildFile; fileRef = 243F77C32B9E08D900899AD5 /* UsersRepository.swift */; };
		243F77DB2B9E0EFA00899AD5 /* UserRepositoryImpl.swift in Sources */ = {isa = PBXBuildFile; fileRef = 243F77DA2B9E0EFA00899AD5 /* UserRepositoryImpl.swift */; };
		243F77DD2B9E166900899AD5 /* DesignsRepository.swift in Sources */ = {isa = PBXBuildFile; fileRef = 243F77DC2B9E166900899AD5 /* DesignsRepository.swift */; };
		244EE9022BD18ED20031B347 /* localazy.json in Resources */ = {isa = PBXBuildFile; fileRef = 244EE9012BD18ED20031B347 /* localazy.json */; };
		244EE9072BD190C90031B347 /* Localazy.plist in Resources */ = {isa = PBXBuildFile; fileRef = 244EE9062BD190C90031B347 /* Localazy.plist */; };
		244EE91F2BD1B3F70031B347 /* Localizable.xcstrings in Resources */ = {isa = PBXBuildFile; fileRef = 244EE91E2BD1B3F70031B347 /* Localizable.xcstrings */; };
		24626E962BE3EF3D00DBAAE2 /* FiltersView.swift in Sources */ = {isa = PBXBuildFile; fileRef = 24626E952BE3EF3D00DBAAE2 /* FiltersView.swift */; };
		2467B9DA2BCDBC3900D54E70 /* OnboardingViewModel.swift in Sources */ = {isa = PBXBuildFile; fileRef = 2467B9D92BCDBC3900D54E70 /* OnboardingViewModel.swift */; };
		2467B9DC2BCDBC4500D54E70 /* OnboardingView.swift in Sources */ = {isa = PBXBuildFile; fileRef = 2467B9DB2BCDBC4500D54E70 /* OnboardingView.swift */; };
		2467B9DE2BCDC94600D54E70 /* CreateTattooerProfileViewModel.swift in Sources */ = {isa = PBXBuildFile; fileRef = 2467B9DD2BCDC94600D54E70 /* CreateTattooerProfileViewModel.swift */; };
		2493E6532BCF3E680076BA26 /* SignInUserUseCase.swift in Sources */ = {isa = PBXBuildFile; fileRef = 2493E6522BCF3E680076BA26 /* SignInUserUseCase.swift */; };
		2493E6552BCF43340076BA26 /* RegisterNewUserUseCase.swift in Sources */ = {isa = PBXBuildFile; fileRef = 2493E6542BCF43340076BA26 /* RegisterNewUserUseCase.swift */; };
		24BC21AC2BDB0C0500AE616C /* DesignDetailViewModel.swift in Sources */ = {isa = PBXBuildFile; fileRef = 24BC21AB2BDB0C0500AE616C /* DesignDetailViewModel.swift */; };
		24BC21AE2BDB0C1400AE616C /* DesignDetailView.swift in Sources */ = {isa = PBXBuildFile; fileRef = 24BC21AD2BDB0C1400AE616C /* DesignDetailView.swift */; };
		24BC21B22BDB2FF200AE616C /* UserDetailView.swift in Sources */ = {isa = PBXBuildFile; fileRef = 24BC21B12BDB2FF200AE616C /* UserDetailView.swift */; };
		24BC21B42BDB301500AE616C /* UserDetailViewModel.swift in Sources */ = {isa = PBXBuildFile; fileRef = 24BC21B32BDB301500AE616C /* UserDetailViewModel.swift */; };
		24CFC76E2BCE941B0022283D /* IWCheckBox.swift in Sources */ = {isa = PBXBuildFile; fileRef = 24CFC7622BCE941A0022283D /* IWCheckBox.swift */; };
		24CFC76F2BCE941B0022283D /* IWAppleSignInButton.swift in Sources */ = {isa = PBXBuildFile; fileRef = 24CFC7632BCE941A0022283D /* IWAppleSignInButton.swift */; };
		24CFC7702BCE941B0022283D /* IWPrimaryButton.swift in Sources */ = {isa = PBXBuildFile; fileRef = 24CFC7642BCE941A0022283D /* IWPrimaryButton.swift */; };
		24CFC7712BCE941B0022283D /* IWTagPicker.swift in Sources */ = {isa = PBXBuildFile; fileRef = 24CFC7652BCE941A0022283D /* IWTagPicker.swift */; };
		24CFC7722BCE941B0022283D /* IWErrorMessageBar.swift in Sources */ = {isa = PBXBuildFile; fileRef = 24CFC7662BCE941A0022283D /* IWErrorMessageBar.swift */; };
		24CFC7732BCE941B0022283D /* IWTag.swift in Sources */ = {isa = PBXBuildFile; fileRef = 24CFC7672BCE941A0022283D /* IWTag.swift */; };
		24CFC7742BCE941B0022283D /* IWGoogleSignInButton.swift in Sources */ = {isa = PBXBuildFile; fileRef = 24CFC7682BCE941A0022283D /* IWGoogleSignInButton.swift */; };
		24CFC7752BCE941B0022283D /* IWProfilePicturePicker.swift in Sources */ = {isa = PBXBuildFile; fileRef = 24CFC7692BCE941A0022283D /* IWProfilePicturePicker.swift */; };
		24CFC7762BCE941B0022283D /* IWOnboardingSlide.swift in Sources */ = {isa = PBXBuildFile; fileRef = 24CFC76A2BCE941A0022283D /* IWOnboardingSlide.swift */; };
		24CFC7772BCE941B0022283D /* IWSecondaryButton.swift in Sources */ = {isa = PBXBuildFile; fileRef = 24CFC76B2BCE941A0022283D /* IWSecondaryButton.swift */; };
		24CFC7782BCE941B0022283D /* IWFlowLayout.swift in Sources */ = {isa = PBXBuildFile; fileRef = 24CFC76C2BCE941A0022283D /* IWFlowLayout.swift */; };
		24CFC7792BCE941B0022283D /* IWFormInputField.swift in Sources */ = {isa = PBXBuildFile; fileRef = 24CFC76D2BCE941A0022283D /* IWFormInputField.swift */; };
		24CFC77F2BCEBF8D0022283D /* HomeViewModel.swift in Sources */ = {isa = PBXBuildFile; fileRef = 24CFC77E2BCEBF8D0022283D /* HomeViewModel.swift */; };
		24CFC7812BCEBF990022283D /* HomeView.swift in Sources */ = {isa = PBXBuildFile; fileRef = 24CFC7802BCEBF990022283D /* HomeView.swift */; };
		24F029892BCD76750080069D /* WelcomeViewModel.swift in Sources */ = {isa = PBXBuildFile; fileRef = 24F029882BCD76750080069D /* WelcomeViewModel.swift */; };
		24F0298B2BCD773F0080069D /* WelcomeView.swift in Sources */ = {isa = PBXBuildFile; fileRef = 24F0298A2BCD773F0080069D /* WelcomeView.swift */; };
		24F029AA2BCD83FD0080069D /* RegisterView.swift in Sources */ = {isa = PBXBuildFile; fileRef = 24F029A92BCD83FD0080069D /* RegisterView.swift */; };
		24F029AB2BCD83FD0080069D /* CreateTattooerProfileView.swift in Sources */ = {isa = PBXBuildFile; fileRef = 24F029A82BCD83FD0080069D /* CreateTattooerProfileView.swift */; };
		24F029AD2BCD86B50080069D /* BaseRouter.swift in Sources */ = {isa = PBXBuildFile; fileRef = 24F029AC2BCD86B50080069D /* BaseRouter.swift */; };
		24FEA8392BE94BE200DB772D /* DesignsRepositoryImpl.swift in Sources */ = {isa = PBXBuildFile; fileRef = 24FEA8382BE94BE200DB772D /* DesignsRepositoryImpl.swift */; };
		24FEA83B2BE94D1800DB772D /* UploadDesignUseCase.swift in Sources */ = {isa = PBXBuildFile; fileRef = 24FEA83A2BE94D1800DB772D /* UploadDesignUseCase.swift */; };
		662F615B2BD9808C00BE6469 /* UserFeedView.swift in Sources */ = {isa = PBXBuildFile; fileRef = 662F615A2BD9808C00BE6469 /* UserFeedView.swift */; };
		662F615D2BD980B000BE6469 /* FeedItemView.swift in Sources */ = {isa = PBXBuildFile; fileRef = 662F615C2BD980B000BE6469 /* FeedItemView.swift */; };
		662F61602BD9815400BE6469 /* WrappingHStack in Frameworks */ = {isa = PBXBuildFile; productRef = 662F615F2BD9815400BE6469 /* WrappingHStack */; };
		66375DAE2BD97E1800FF204C /* UserFeedViewModel.swift in Sources */ = {isa = PBXBuildFile; fileRef = 66375DAD2BD97E1800FF204C /* UserFeedViewModel.swift */; };
		6689E9D22BDA404F00ABC0F2 /* CenteredCollectionView in Frameworks */ = {isa = PBXBuildFile; productRef = 6689E9D12BDA404F00ABC0F2 /* CenteredCollectionView */; };
		F93906402BE6B596001E3FBD /* GoogleSignIn in Frameworks */ = {isa = PBXBuildFile; productRef = F939063F2BE6B596001E3FBD /* GoogleSignIn */; };
		F93906422BE6B596001E3FBD /* GoogleSignInSwift in Frameworks */ = {isa = PBXBuildFile; productRef = F93906412BE6B596001E3FBD /* GoogleSignInSwift */; };
		F93906452BE6B734001E3FBD /* SignInWithGoogleUserUseCase.swift in Sources */ = {isa = PBXBuildFile; fileRef = F93906432BE6B733001E3FBD /* SignInWithGoogleUserUseCase.swift */; };
		F93906462BE6B734001E3FBD /* SignInWithAppleUserUseCase.swift in Sources */ = {isa = PBXBuildFile; fileRef = F93906442BE6B734001E3FBD /* SignInWithAppleUserUseCase.swift */; };
		F9674BCB2A27B0DA00143D3C /* ArtistCardView.swift in Sources */ = {isa = PBXBuildFile; fileRef = F9674BCA2A27B0DA00143D3C /* ArtistCardView.swift */; };
		F9674BCD2A27B0ED00143D3C /* ArtistCardViewModel.swift in Sources */ = {isa = PBXBuildFile; fileRef = F9674BCC2A27B0ED00143D3C /* ArtistCardViewModel.swift */; };
		F99AC41D2A1BD16000188124 /* InkWayApp.swift in Sources */ = {isa = PBXBuildFile; fileRef = F99AC41C2A1BD16000188124 /* InkWayApp.swift */; };
		F99AC41F2A1BD16000188124 /* MainView.swift in Sources */ = {isa = PBXBuildFile; fileRef = F99AC41E2A1BD16000188124 /* MainView.swift */; };
		F99AC4212A1BD16900188124 /* Assets.xcassets in Resources */ = {isa = PBXBuildFile; fileRef = F99AC4202A1BD16900188124 /* Assets.xcassets */; };
		F99AC4362A1BD89500188124 /* GoogleService-Info.plist in Resources */ = {isa = PBXBuildFile; fileRef = F99AC4352A1BD89500188124 /* GoogleService-Info.plist */; };
		F9B873192A1C594300806327 /* UserModel.swift in Sources */ = {isa = PBXBuildFile; fileRef = F9B873182A1C594300806327 /* UserModel.swift */; };
		F9B8731B2A1C5A3700806327 /* Extensions.swift in Sources */ = {isa = PBXBuildFile; fileRef = F9B8731A2A1C5A3700806327 /* Extensions.swift */; };
		F9B8731D2A1C5BDC00806327 /* MainViewModel.swift in Sources */ = {isa = PBXBuildFile; fileRef = F9B8731C2A1C5BDC00806327 /* MainViewModel.swift */; };
		F9B873212A1C656100806327 /* UserProfileView.swift in Sources */ = {isa = PBXBuildFile; fileRef = F9B873202A1C656100806327 /* UserProfileView.swift */; };
		F9B873232A1C665600806327 /* UserProfileViewModel.swift in Sources */ = {isa = PBXBuildFile; fileRef = F9B873222A1C665600806327 /* UserProfileViewModel.swift */; };
		F9B8732B2A24FC4F00806327 /* IWErrors.swift in Sources */ = {isa = PBXBuildFile; fileRef = F9B8732A2A24FC4F00806327 /* IWErrors.swift */; };
		F9B873302A250B3500806327 /* LocationPicker in Frameworks */ = {isa = PBXBuildFile; productRef = F9B8732F2A250B3500806327 /* LocationPicker */; };
		F9B873392A2621D200806327 /* FindArtistsViewModel.swift in Sources */ = {isa = PBXBuildFile; fileRef = F9B873382A2621D200806327 /* FindArtistsViewModel.swift */; };
		F9B8733B2A26233C00806327 /* FindArtistsView.swift in Sources */ = {isa = PBXBuildFile; fileRef = F9B8733A2A26233C00806327 /* FindArtistsView.swift */; };
		F9B873412A26DA1300806327 /* EditUserProfileView.swift in Sources */ = {isa = PBXBuildFile; fileRef = F9B873402A26DA1300806327 /* EditUserProfileView.swift */; };
		F9B873472A27036200806327 /* UploadDesignView.swift in Sources */ = {isa = PBXBuildFile; fileRef = F9B873462A27036200806327 /* UploadDesignView.swift */; };
		F9B873492A27037800806327 /* UploadDesignViewModel.swift in Sources */ = {isa = PBXBuildFile; fileRef = F9B873482A27037800806327 /* UploadDesignViewModel.swift */; };
		F9B8734B2A27054900806327 /* UserDesignView.swift in Sources */ = {isa = PBXBuildFile; fileRef = F9B8734A2A27054900806327 /* UserDesignView.swift */; };
		F9B8734D2A2705F200806327 /* UserDesignViewModel.swift in Sources */ = {isa = PBXBuildFile; fileRef = F9B8734C2A2705F200806327 /* UserDesignViewModel.swift */; };
		F9B8734F2A27159B00806327 /* DesignModel.swift in Sources */ = {isa = PBXBuildFile; fileRef = F9B8734E2A27159B00806327 /* DesignModel.swift */; };
		F9B873542A27641400806327 /* ImagePickerView.swift in Sources */ = {isa = PBXBuildFile; fileRef = F9B873532A27641300806327 /* ImagePickerView.swift */; };
		F9CE2FD72A1C11EA008F9E9B /* LoginViewModel.swift in Sources */ = {isa = PBXBuildFile; fileRef = F9CE2FD62A1C11EA008F9E9B /* LoginViewModel.swift */; };
		F9CE2FD92A1C127A008F9E9B /* RegisterViewModel.swift in Sources */ = {isa = PBXBuildFile; fileRef = F9CE2FD82A1C127A008F9E9B /* RegisterViewModel.swift */; };
		F9CE2FDB2A1C17E6008F9E9B /* IWButton.swift in Sources */ = {isa = PBXBuildFile; fileRef = F9CE2FDA2A1C17E6008F9E9B /* IWButton.swift */; };
		F9CF26822A1BF04E00D8F5FA /* LoginView.swift in Sources */ = {isa = PBXBuildFile; fileRef = F9CF26812A1BF04E00D8F5FA /* LoginView.swift */; };
/* End PBXBuildFile section */

/* Begin PBXFileReference section */
		240EA4682BE6CAB3005A1C79 /* LikedPostsView.swift */ = {isa = PBXFileReference; lastKnownFileType = sourcecode.swift; path = LikedPostsView.swift; sourceTree = "<group>"; };
		240EA46A2BE6E05C005A1C79 /* ArtitsListView.swift */ = {isa = PBXFileReference; lastKnownFileType = sourcecode.swift; path = ArtitsListView.swift; sourceTree = "<group>"; };
		243428562BE7E1EB00578BBA /* EditDesignView.swift */ = {isa = PBXFileReference; lastKnownFileType = sourcecode.swift; path = EditDesignView.swift; sourceTree = "<group>"; };
		243772A12BEA309C001455D8 /* GetAllDesignsUseCase.swift */ = {isa = PBXFileReference; lastKnownFileType = sourcecode.swift; path = GetAllDesignsUseCase.swift; sourceTree = "<group>"; };
		243772A32BEA3212001455D8 /* FetchUserWithIdUseCase.swift */ = {isa = PBXFileReference; lastKnownFileType = sourcecode.swift; path = FetchUserWithIdUseCase.swift; sourceTree = "<group>"; };
		243772A52BEA37A7001455D8 /* GetMineDesignsUseCase.swift */ = {isa = PBXFileReference; lastKnownFileType = sourcecode.swift; path = GetMineDesignsUseCase.swift; sourceTree = "<group>"; };
		243772A72BEA3A77001455D8 /* GetPostsUseCase.swift */ = {isa = PBXFileReference; lastKnownFileType = sourcecode.swift; path = GetPostsUseCase.swift; sourceTree = "<group>"; };
		243772A92BEA4CE1001455D8 /* PostModel.swift */ = {isa = PBXFileReference; lastKnownFileType = sourcecode.swift; path = PostModel.swift; sourceTree = "<group>"; };
		243772AB2BEA5BCD001455D8 /* GetArtistDesignsUseCase.swift */ = {isa = PBXFileReference; lastKnownFileType = sourcecode.swift; path = GetArtistDesignsUseCase.swift; sourceTree = "<group>"; };
		243F77BE2B9E071D00899AD5 /* UseCase.swift */ = {isa = PBXFileReference; lastKnownFileType = sourcecode.swift; path = UseCase.swift; sourceTree = "<group>"; };
		243F77C12B9E08C500899AD5 /* FetchCurrentUserUseCase.swift */ = {isa = PBXFileReference; lastKnownFileType = sourcecode.swift; path = FetchCurrentUserUseCase.swift; sourceTree = "<group>"; };
		243F77C32B9E08D900899AD5 /* UsersRepository.swift */ = {isa = PBXFileReference; lastKnownFileType = sourcecode.swift; path = UsersRepository.swift; sourceTree = "<group>"; };
		243F77DA2B9E0EFA00899AD5 /* UserRepositoryImpl.swift */ = {isa = PBXFileReference; lastKnownFileType = sourcecode.swift; path = UserRepositoryImpl.swift; sourceTree = "<group>"; };
		243F77DC2B9E166900899AD5 /* DesignsRepository.swift */ = {isa = PBXFileReference; lastKnownFileType = sourcecode.swift; path = DesignsRepository.swift; sourceTree = "<group>"; };
		244EE9012BD18ED20031B347 /* localazy.json */ = {isa = PBXFileReference; lastKnownFileType = text.json; path = localazy.json; sourceTree = "<group>"; };
		244EE9062BD190C90031B347 /* Localazy.plist */ = {isa = PBXFileReference; lastKnownFileType = text.plist; path = Localazy.plist; sourceTree = "<group>"; };
		244EE91E2BD1B3F70031B347 /* Localizable.xcstrings */ = {isa = PBXFileReference; fileEncoding = 4; lastKnownFileType = text.json.xcstrings; path = Localizable.xcstrings; sourceTree = "<group>"; };
		24626E952BE3EF3D00DBAAE2 /* FiltersView.swift */ = {isa = PBXFileReference; lastKnownFileType = sourcecode.swift; path = FiltersView.swift; sourceTree = "<group>"; };
		2467B9D92BCDBC3900D54E70 /* OnboardingViewModel.swift */ = {isa = PBXFileReference; lastKnownFileType = sourcecode.swift; path = OnboardingViewModel.swift; sourceTree = "<group>"; };
		2467B9DB2BCDBC4500D54E70 /* OnboardingView.swift */ = {isa = PBXFileReference; lastKnownFileType = sourcecode.swift; path = OnboardingView.swift; sourceTree = "<group>"; };
		2467B9DD2BCDC94600D54E70 /* CreateTattooerProfileViewModel.swift */ = {isa = PBXFileReference; lastKnownFileType = sourcecode.swift; path = CreateTattooerProfileViewModel.swift; sourceTree = "<group>"; };
		2493E6522BCF3E680076BA26 /* SignInUserUseCase.swift */ = {isa = PBXFileReference; lastKnownFileType = sourcecode.swift; path = SignInUserUseCase.swift; sourceTree = "<group>"; };
		2493E6542BCF43340076BA26 /* RegisterNewUserUseCase.swift */ = {isa = PBXFileReference; lastKnownFileType = sourcecode.swift; path = RegisterNewUserUseCase.swift; sourceTree = "<group>"; };
		24BC21AB2BDB0C0500AE616C /* DesignDetailViewModel.swift */ = {isa = PBXFileReference; lastKnownFileType = sourcecode.swift; path = DesignDetailViewModel.swift; sourceTree = "<group>"; };
		24BC21AD2BDB0C1400AE616C /* DesignDetailView.swift */ = {isa = PBXFileReference; lastKnownFileType = sourcecode.swift; path = DesignDetailView.swift; sourceTree = "<group>"; };
		24BC21B12BDB2FF200AE616C /* UserDetailView.swift */ = {isa = PBXFileReference; lastKnownFileType = sourcecode.swift; path = UserDetailView.swift; sourceTree = "<group>"; };
		24BC21B32BDB301500AE616C /* UserDetailViewModel.swift */ = {isa = PBXFileReference; lastKnownFileType = sourcecode.swift; path = UserDetailViewModel.swift; sourceTree = "<group>"; };
		24CFC7622BCE941A0022283D /* IWCheckBox.swift */ = {isa = PBXFileReference; fileEncoding = 4; lastKnownFileType = sourcecode.swift; path = IWCheckBox.swift; sourceTree = "<group>"; };
		24CFC7632BCE941A0022283D /* IWAppleSignInButton.swift */ = {isa = PBXFileReference; fileEncoding = 4; lastKnownFileType = sourcecode.swift; path = IWAppleSignInButton.swift; sourceTree = "<group>"; };
		24CFC7642BCE941A0022283D /* IWPrimaryButton.swift */ = {isa = PBXFileReference; fileEncoding = 4; lastKnownFileType = sourcecode.swift; path = IWPrimaryButton.swift; sourceTree = "<group>"; };
		24CFC7652BCE941A0022283D /* IWTagPicker.swift */ = {isa = PBXFileReference; fileEncoding = 4; lastKnownFileType = sourcecode.swift; path = IWTagPicker.swift; sourceTree = "<group>"; };
		24CFC7662BCE941A0022283D /* IWErrorMessageBar.swift */ = {isa = PBXFileReference; fileEncoding = 4; lastKnownFileType = sourcecode.swift; path = IWErrorMessageBar.swift; sourceTree = "<group>"; };
		24CFC7672BCE941A0022283D /* IWTag.swift */ = {isa = PBXFileReference; fileEncoding = 4; lastKnownFileType = sourcecode.swift; path = IWTag.swift; sourceTree = "<group>"; };
		24CFC7682BCE941A0022283D /* IWGoogleSignInButton.swift */ = {isa = PBXFileReference; fileEncoding = 4; lastKnownFileType = sourcecode.swift; path = IWGoogleSignInButton.swift; sourceTree = "<group>"; };
		24CFC7692BCE941A0022283D /* IWProfilePicturePicker.swift */ = {isa = PBXFileReference; fileEncoding = 4; lastKnownFileType = sourcecode.swift; path = IWProfilePicturePicker.swift; sourceTree = "<group>"; };
		24CFC76A2BCE941A0022283D /* IWOnboardingSlide.swift */ = {isa = PBXFileReference; fileEncoding = 4; lastKnownFileType = sourcecode.swift; path = IWOnboardingSlide.swift; sourceTree = "<group>"; };
		24CFC76B2BCE941A0022283D /* IWSecondaryButton.swift */ = {isa = PBXFileReference; fileEncoding = 4; lastKnownFileType = sourcecode.swift; path = IWSecondaryButton.swift; sourceTree = "<group>"; };
		24CFC76C2BCE941A0022283D /* IWFlowLayout.swift */ = {isa = PBXFileReference; fileEncoding = 4; lastKnownFileType = sourcecode.swift; path = IWFlowLayout.swift; sourceTree = "<group>"; };
		24CFC76D2BCE941A0022283D /* IWFormInputField.swift */ = {isa = PBXFileReference; fileEncoding = 4; lastKnownFileType = sourcecode.swift; path = IWFormInputField.swift; sourceTree = "<group>"; };
		24CFC77E2BCEBF8D0022283D /* HomeViewModel.swift */ = {isa = PBXFileReference; lastKnownFileType = sourcecode.swift; path = HomeViewModel.swift; sourceTree = "<group>"; };
		24CFC7802BCEBF990022283D /* HomeView.swift */ = {isa = PBXFileReference; lastKnownFileType = sourcecode.swift; path = HomeView.swift; sourceTree = "<group>"; };
		24F029882BCD76750080069D /* WelcomeViewModel.swift */ = {isa = PBXFileReference; lastKnownFileType = sourcecode.swift; path = WelcomeViewModel.swift; sourceTree = "<group>"; };
		24F0298A2BCD773F0080069D /* WelcomeView.swift */ = {isa = PBXFileReference; lastKnownFileType = sourcecode.swift; path = WelcomeView.swift; sourceTree = "<group>"; };
		24F029A82BCD83FD0080069D /* CreateTattooerProfileView.swift */ = {isa = PBXFileReference; lastKnownFileType = sourcecode.swift; path = CreateTattooerProfileView.swift; sourceTree = "<group>"; };
		24F029A92BCD83FD0080069D /* RegisterView.swift */ = {isa = PBXFileReference; lastKnownFileType = sourcecode.swift; path = RegisterView.swift; sourceTree = "<group>"; };
		24F029AC2BCD86B50080069D /* BaseRouter.swift */ = {isa = PBXFileReference; lastKnownFileType = sourcecode.swift; path = BaseRouter.swift; sourceTree = "<group>"; };
		24FEA8382BE94BE200DB772D /* DesignsRepositoryImpl.swift */ = {isa = PBXFileReference; lastKnownFileType = sourcecode.swift; path = DesignsRepositoryImpl.swift; sourceTree = "<group>"; };
		24FEA83A2BE94D1800DB772D /* UploadDesignUseCase.swift */ = {isa = PBXFileReference; lastKnownFileType = sourcecode.swift; path = UploadDesignUseCase.swift; sourceTree = "<group>"; };
		662F615A2BD9808C00BE6469 /* UserFeedView.swift */ = {isa = PBXFileReference; lastKnownFileType = sourcecode.swift; path = UserFeedView.swift; sourceTree = "<group>"; };
		662F615C2BD980B000BE6469 /* FeedItemView.swift */ = {isa = PBXFileReference; lastKnownFileType = sourcecode.swift; path = FeedItemView.swift; sourceTree = "<group>"; };
		66375DAD2BD97E1800FF204C /* UserFeedViewModel.swift */ = {isa = PBXFileReference; lastKnownFileType = sourcecode.swift; path = UserFeedViewModel.swift; sourceTree = "<group>"; };
		F93616EB2BE7A62800220EC9 /* InkWay.entitlements */ = {isa = PBXFileReference; lastKnownFileType = text.plist.entitlements; path = InkWay.entitlements; sourceTree = "<group>"; };
		F93906432BE6B733001E3FBD /* SignInWithGoogleUserUseCase.swift */ = {isa = PBXFileReference; fileEncoding = 4; lastKnownFileType = sourcecode.swift; path = SignInWithGoogleUserUseCase.swift; sourceTree = "<group>"; };
		F93906442BE6B734001E3FBD /* SignInWithAppleUserUseCase.swift */ = {isa = PBXFileReference; fileEncoding = 4; lastKnownFileType = sourcecode.swift; path = SignInWithAppleUserUseCase.swift; sourceTree = "<group>"; };
		F9674BCA2A27B0DA00143D3C /* ArtistCardView.swift */ = {isa = PBXFileReference; lastKnownFileType = sourcecode.swift; path = ArtistCardView.swift; sourceTree = "<group>"; };
		F9674BCC2A27B0ED00143D3C /* ArtistCardViewModel.swift */ = {isa = PBXFileReference; lastKnownFileType = sourcecode.swift; path = ArtistCardViewModel.swift; sourceTree = "<group>"; };
		F99AC4192A1BD16000188124 /* InkWay.app */ = {isa = PBXFileReference; explicitFileType = wrapper.application; includeInIndex = 0; path = InkWay.app; sourceTree = BUILT_PRODUCTS_DIR; };
		F99AC41C2A1BD16000188124 /* InkWayApp.swift */ = {isa = PBXFileReference; lastKnownFileType = sourcecode.swift; path = InkWayApp.swift; sourceTree = "<group>"; };
		F99AC41E2A1BD16000188124 /* MainView.swift */ = {isa = PBXFileReference; lastKnownFileType = sourcecode.swift; path = MainView.swift; sourceTree = "<group>"; };
		F99AC4202A1BD16900188124 /* Assets.xcassets */ = {isa = PBXFileReference; lastKnownFileType = folder.assetcatalog; path = Assets.xcassets; sourceTree = "<group>"; };
		F99AC4352A1BD89500188124 /* GoogleService-Info.plist */ = {isa = PBXFileReference; fileEncoding = 4; lastKnownFileType = text.plist.xml; path = "GoogleService-Info.plist"; sourceTree = "<group>"; };
		F9B873182A1C594300806327 /* UserModel.swift */ = {isa = PBXFileReference; lastKnownFileType = sourcecode.swift; path = UserModel.swift; sourceTree = "<group>"; };
		F9B8731A2A1C5A3700806327 /* Extensions.swift */ = {isa = PBXFileReference; lastKnownFileType = sourcecode.swift; path = Extensions.swift; sourceTree = "<group>"; };
		F9B8731C2A1C5BDC00806327 /* MainViewModel.swift */ = {isa = PBXFileReference; lastKnownFileType = sourcecode.swift; path = MainViewModel.swift; sourceTree = "<group>"; };
		F9B873202A1C656100806327 /* UserProfileView.swift */ = {isa = PBXFileReference; lastKnownFileType = sourcecode.swift; path = UserProfileView.swift; sourceTree = "<group>"; };
		F9B873222A1C665600806327 /* UserProfileViewModel.swift */ = {isa = PBXFileReference; lastKnownFileType = sourcecode.swift; path = UserProfileViewModel.swift; sourceTree = "<group>"; };
		F9B8732A2A24FC4F00806327 /* IWErrors.swift */ = {isa = PBXFileReference; lastKnownFileType = sourcecode.swift; path = IWErrors.swift; sourceTree = "<group>"; };
		F9B873312A25491A00806327 /* Info.plist */ = {isa = PBXFileReference; lastKnownFileType = text.plist; path = Info.plist; sourceTree = "<group>"; };
		F9B873382A2621D200806327 /* FindArtistsViewModel.swift */ = {isa = PBXFileReference; lastKnownFileType = sourcecode.swift; path = FindArtistsViewModel.swift; sourceTree = "<group>"; };
		F9B8733A2A26233C00806327 /* FindArtistsView.swift */ = {isa = PBXFileReference; lastKnownFileType = sourcecode.swift; path = FindArtistsView.swift; sourceTree = "<group>"; };
		F9B873402A26DA1300806327 /* EditUserProfileView.swift */ = {isa = PBXFileReference; lastKnownFileType = sourcecode.swift; path = EditUserProfileView.swift; sourceTree = "<group>"; };
		F9B873462A27036200806327 /* UploadDesignView.swift */ = {isa = PBXFileReference; lastKnownFileType = sourcecode.swift; path = UploadDesignView.swift; sourceTree = "<group>"; };
		F9B873482A27037800806327 /* UploadDesignViewModel.swift */ = {isa = PBXFileReference; lastKnownFileType = sourcecode.swift; path = UploadDesignViewModel.swift; sourceTree = "<group>"; };
		F9B8734A2A27054900806327 /* UserDesignView.swift */ = {isa = PBXFileReference; lastKnownFileType = sourcecode.swift; path = UserDesignView.swift; sourceTree = "<group>"; };
		F9B8734C2A2705F200806327 /* UserDesignViewModel.swift */ = {isa = PBXFileReference; lastKnownFileType = sourcecode.swift; path = UserDesignViewModel.swift; sourceTree = "<group>"; };
		F9B8734E2A27159B00806327 /* DesignModel.swift */ = {isa = PBXFileReference; lastKnownFileType = sourcecode.swift; path = DesignModel.swift; sourceTree = "<group>"; };
		F9B873532A27641300806327 /* ImagePickerView.swift */ = {isa = PBXFileReference; lastKnownFileType = sourcecode.swift; path = ImagePickerView.swift; sourceTree = "<group>"; };
		F9CE2FD62A1C11EA008F9E9B /* LoginViewModel.swift */ = {isa = PBXFileReference; lastKnownFileType = sourcecode.swift; path = LoginViewModel.swift; sourceTree = "<group>"; };
		F9CE2FD82A1C127A008F9E9B /* RegisterViewModel.swift */ = {isa = PBXFileReference; lastKnownFileType = sourcecode.swift; path = RegisterViewModel.swift; sourceTree = "<group>"; };
		F9CE2FDA2A1C17E6008F9E9B /* IWButton.swift */ = {isa = PBXFileReference; lastKnownFileType = sourcecode.swift; path = IWButton.swift; sourceTree = "<group>"; };
		F9CF26812A1BF04E00D8F5FA /* LoginView.swift */ = {isa = PBXFileReference; lastKnownFileType = sourcecode.swift; path = LoginView.swift; sourceTree = "<group>"; };
/* End PBXFileReference section */

/* Begin PBXFrameworksBuildPhase section */
		F99AC4162A1BD15F00188124 /* Frameworks */ = {
			isa = PBXFrameworksBuildPhase;
			buildActionMask = 2147483647;
			files = (
				242D83BC2BE95CE600736F1F /* FirebaseMessaging in Frameworks */,
				242D83AC2BE95CE600736F1F /* FirebaseFirestoreCombine-Community in Frameworks */,
				242D83A42BE95CE600736F1F /* FirebaseDatabase in Frameworks */,
				6689E9D22BDA404F00ABC0F2 /* CenteredCollectionView in Frameworks */,
				242D83C42BE95CE600736F1F /* FirebaseStorage in Frameworks */,
				F9B873302A250B3500806327 /* LocationPicker in Frameworks */,
				242D83922BE95CE600736F1F /* FirebaseAnalytics in Frameworks */,
				242D83A22BE95CE600736F1F /* FirebaseCrashlytics in Frameworks */,
				242D83AA2BE95CE600736F1F /* FirebaseFirestore in Frameworks */,
				242D83A82BE95CE600736F1F /* FirebaseDynamicLinks in Frameworks */,
				242D83C62BE95CE600736F1F /* FirebaseStorageCombine-Community in Frameworks */,
				242D83942BE95CE600736F1F /* FirebaseAnalyticsOnDeviceConversion in Frameworks */,
				242D83B22BE95CE600736F1F /* FirebaseFunctionsCombine-Community in Frameworks */,
				242D83B62BE95CE600736F1F /* FirebaseInAppMessagingSwift-Beta in Frameworks */,
				242D83BA2BE95CE600736F1F /* FirebaseMLModelDownloader in Frameworks */,
				242D83B42BE95CE600736F1F /* FirebaseInAppMessaging-Beta in Frameworks */,
				242D83BE2BE95CE600736F1F /* FirebasePerformance in Frameworks */,
				242D83A02BE95CE600736F1F /* FirebaseAuthCombine-Community in Frameworks */,
				242D83962BE95CE600736F1F /* FirebaseAnalyticsSwift in Frameworks */,
				242D83A62BE95CE600736F1F /* FirebaseDatabaseSwift in Frameworks */,
				662F61602BD9815400BE6469 /* WrappingHStack in Frameworks */,
				242D83C02BE95CE600736F1F /* FirebaseRemoteConfig in Frameworks */,
				F93906422BE6B596001E3FBD /* GoogleSignInSwift in Frameworks */,
				242D839E2BE95CE600736F1F /* FirebaseAuth in Frameworks */,
				242D83B02BE95CE600736F1F /* FirebaseFunctions in Frameworks */,
				242D83B82BE95CE600736F1F /* FirebaseInstallations in Frameworks */,
				242D83AE2BE95CE600736F1F /* FirebaseFirestoreSwift in Frameworks */,
				242D83982BE95CE600736F1F /* FirebaseAnalyticsWithoutAdIdSupport in Frameworks */,
				242D839A2BE95CE600736F1F /* FirebaseAppCheck in Frameworks */,
				242D83C22BE95CE600736F1F /* FirebaseRemoteConfigSwift in Frameworks */,
				242D839C2BE95CE600736F1F /* FirebaseAppDistribution-Beta in Frameworks */,
				F93906402BE6B596001E3FBD /* GoogleSignIn in Frameworks */,
			);
			runOnlyForDeploymentPostprocessing = 0;
		};
/* End PBXFrameworksBuildPhase section */

/* Begin PBXGroup section */
		243F77B72B9E039E00899AD5 /* Presentation */ = {
			isa = PBXGroup;
			children = (
				24BC21AF2BDB2FD900AE616C /* UserDetail */,
				24BC21A92BDB0BE600AE616C /* DesignDetail */,
				66E3C2DE2BD97A2C00BAD6B8 /* Feed */,
				24CFC77C2BCEBF730022283D /* Home */,
				24CFC77A2BCEAE060022283D /* CreateTattooerProfile */,
				2467B9D72BCDBC1E00D54E70 /* Onboarding */,
				24F029832BCD76190080069D /* Welcome */,
				243F77D82B9E0E4300899AD5 /* UploadDesign */,
				243F77D62B9E0E2500899AD5 /* UserDesign */,
				243F77D42B9E0DEC00899AD5 /* FindArtist */,
				243F77D22B9E0D9700899AD5 /* ArtistCard */,
				243F77D02B9E0C3400899AD5 /* UserProfile */,
				243F77CB2B9E0B3C00899AD5 /* Main */,
				243F77CA2B9E0B2800899AD5 /* Components */,
				243F77C62B9E0AC000899AD5 /* Register */,
				243F77C52B9E0AB800899AD5 /* Login */,
			);
			path = Presentation;
			sourceTree = "<group>";
		};
		243F77B82B9E03A900899AD5 /* Domain */ = {
			isa = PBXGroup;
			children = (
				F9B8732A2A24FC4F00806327 /* IWErrors.swift */,
				F9B8731A2A1C5A3700806327 /* Extensions.swift */,
				243F77BD2B9E070E00899AD5 /* Protocol */,
				243F77CE2B9E0BF300899AD5 /* Designs */,
				243F77C02B9E089300899AD5 /* Users */,
			);
			path = Domain;
			sourceTree = "<group>";
		};
		243F77B92B9E03AE00899AD5 /* Data */ = {
			isa = PBXGroup;
			children = (
				243F77DA2B9E0EFA00899AD5 /* UserRepositoryImpl.swift */,
				24FEA8382BE94BE200DB772D /* DesignsRepositoryImpl.swift */,
			);
			path = Data;
			sourceTree = "<group>";
		};
		243F77BD2B9E070E00899AD5 /* Protocol */ = {
			isa = PBXGroup;
			children = (
				243F77BE2B9E071D00899AD5 /* UseCase.swift */,
			);
			path = Protocol;
			sourceTree = "<group>";
		};
		243F77C02B9E089300899AD5 /* Users */ = {
			isa = PBXGroup;
			children = (
				F93906442BE6B734001E3FBD /* SignInWithAppleUserUseCase.swift */,
				F93906432BE6B733001E3FBD /* SignInWithGoogleUserUseCase.swift */,
				243F77CD2B9E0BC600899AD5 /* Models */,
				243F77C32B9E08D900899AD5 /* UsersRepository.swift */,
				243F77C12B9E08C500899AD5 /* FetchCurrentUserUseCase.swift */,
				2493E6522BCF3E680076BA26 /* SignInUserUseCase.swift */,
				2493E6542BCF43340076BA26 /* RegisterNewUserUseCase.swift */,
				243772A32BEA3212001455D8 /* FetchUserWithIdUseCase.swift */,
			);
			path = Users;
			sourceTree = "<group>";
		};
		243F77C52B9E0AB800899AD5 /* Login */ = {
			isa = PBXGroup;
			children = (
				243F77C82B9E0ADB00899AD5 /* Views */,
				F9CE2FD62A1C11EA008F9E9B /* LoginViewModel.swift */,
			);
			path = Login;
			sourceTree = "<group>";
		};
		243F77C62B9E0AC000899AD5 /* Register */ = {
			isa = PBXGroup;
			children = (
				243F77C92B9E0B0900899AD5 /* Views */,
				F9CE2FD82A1C127A008F9E9B /* RegisterViewModel.swift */,
			);
			path = Register;
			sourceTree = "<group>";
		};
		243F77C82B9E0ADB00899AD5 /* Views */ = {
			isa = PBXGroup;
			children = (
				F9CF26812A1BF04E00D8F5FA /* LoginView.swift */,
			);
			path = Views;
			sourceTree = "<group>";
		};
		243F77C92B9E0B0900899AD5 /* Views */ = {
			isa = PBXGroup;
			children = (
				24F029A92BCD83FD0080069D /* RegisterView.swift */,
			);
			path = Views;
			sourceTree = "<group>";
		};
		243F77CA2B9E0B2800899AD5 /* Components */ = {
			isa = PBXGroup;
			children = (
				F9CE2FDA2A1C17E6008F9E9B /* IWButton.swift */,
				F9B873532A27641300806327 /* ImagePickerView.swift */,
				24CFC7632BCE941A0022283D /* IWAppleSignInButton.swift */,
				24CFC7622BCE941A0022283D /* IWCheckBox.swift */,
				24CFC7662BCE941A0022283D /* IWErrorMessageBar.swift */,
				24CFC76C2BCE941A0022283D /* IWFlowLayout.swift */,
				24CFC76D2BCE941A0022283D /* IWFormInputField.swift */,
				24CFC7682BCE941A0022283D /* IWGoogleSignInButton.swift */,
				24CFC76A2BCE941A0022283D /* IWOnboardingSlide.swift */,
				24CFC7642BCE941A0022283D /* IWPrimaryButton.swift */,
				24CFC7692BCE941A0022283D /* IWProfilePicturePicker.swift */,
				24CFC76B2BCE941A0022283D /* IWSecondaryButton.swift */,
				24CFC7672BCE941A0022283D /* IWTag.swift */,
				24CFC7652BCE941A0022283D /* IWTagPicker.swift */,
			);
			path = Components;
			sourceTree = "<group>";
		};
		243F77CB2B9E0B3C00899AD5 /* Main */ = {
			isa = PBXGroup;
			children = (
				243F77CC2B9E0B4500899AD5 /* Views */,
				F9B8731C2A1C5BDC00806327 /* MainViewModel.swift */,
				24F029AC2BCD86B50080069D /* BaseRouter.swift */,
			);
			path = Main;
			sourceTree = "<group>";
		};
		243F77CC2B9E0B4500899AD5 /* Views */ = {
			isa = PBXGroup;
			children = (
				F99AC41E2A1BD16000188124 /* MainView.swift */,
			);
			path = Views;
			sourceTree = "<group>";
		};
		243F77CD2B9E0BC600899AD5 /* Models */ = {
			isa = PBXGroup;
			children = (
				F9B873182A1C594300806327 /* UserModel.swift */,
			);
			path = Models;
			sourceTree = "<group>";
		};
		243F77CE2B9E0BF300899AD5 /* Designs */ = {
			isa = PBXGroup;
			children = (
				243F77CF2B9E0BFF00899AD5 /* Models */,
				243F77DC2B9E166900899AD5 /* DesignsRepository.swift */,
				24FEA83A2BE94D1800DB772D /* UploadDesignUseCase.swift */,
				243772A12BEA309C001455D8 /* GetAllDesignsUseCase.swift */,
				243772A52BEA37A7001455D8 /* GetMineDesignsUseCase.swift */,
				243772A72BEA3A77001455D8 /* GetPostsUseCase.swift */,
				243772AB2BEA5BCD001455D8 /* GetArtistDesignsUseCase.swift */,
			);
			path = Designs;
			sourceTree = "<group>";
		};
		243F77CF2B9E0BFF00899AD5 /* Models */ = {
			isa = PBXGroup;
			children = (
				F9B8734E2A27159B00806327 /* DesignModel.swift */,
				243772A92BEA4CE1001455D8 /* PostModel.swift */,
			);
			path = Models;
			sourceTree = "<group>";
		};
		243F77D02B9E0C3400899AD5 /* UserProfile */ = {
			isa = PBXGroup;
			children = (
				243F77D12B9E0D8A00899AD5 /* Views */,
				F9B873222A1C665600806327 /* UserProfileViewModel.swift */,
			);
			path = UserProfile;
			sourceTree = "<group>";
		};
		243F77D12B9E0D8A00899AD5 /* Views */ = {
			isa = PBXGroup;
			children = (
				F9B873402A26DA1300806327 /* EditUserProfileView.swift */,
				F9B873202A1C656100806327 /* UserProfileView.swift */,
				240EA4682BE6CAB3005A1C79 /* LikedPostsView.swift */,
				240EA46A2BE6E05C005A1C79 /* ArtitsListView.swift */,
			);
			path = Views;
			sourceTree = "<group>";
		};
		243F77D22B9E0D9700899AD5 /* ArtistCard */ = {
			isa = PBXGroup;
			children = (
				243F77D32B9E0DAA00899AD5 /* Views */,
				F9674BCC2A27B0ED00143D3C /* ArtistCardViewModel.swift */,
			);
			path = ArtistCard;
			sourceTree = "<group>";
		};
		243F77D32B9E0DAA00899AD5 /* Views */ = {
			isa = PBXGroup;
			children = (
				F9674BCA2A27B0DA00143D3C /* ArtistCardView.swift */,
			);
			path = Views;
			sourceTree = "<group>";
		};
		243F77D42B9E0DEC00899AD5 /* FindArtist */ = {
			isa = PBXGroup;
			children = (
				243F77D52B9E0DF500899AD5 /* Views */,
				F9B873382A2621D200806327 /* FindArtistsViewModel.swift */,
			);
			path = FindArtist;
			sourceTree = "<group>";
		};
		243F77D52B9E0DF500899AD5 /* Views */ = {
			isa = PBXGroup;
			children = (
				F9B8733A2A26233C00806327 /* FindArtistsView.swift */,
			);
			path = Views;
			sourceTree = "<group>";
		};
		243F77D62B9E0E2500899AD5 /* UserDesign */ = {
			isa = PBXGroup;
			children = (
				243F77D72B9E0E3800899AD5 /* Views */,
				F9B8734C2A2705F200806327 /* UserDesignViewModel.swift */,
			);
			path = UserDesign;
			sourceTree = "<group>";
		};
		243F77D72B9E0E3800899AD5 /* Views */ = {
			isa = PBXGroup;
			children = (
				F9B8734A2A27054900806327 /* UserDesignView.swift */,
				243428562BE7E1EB00578BBA /* EditDesignView.swift */,
			);
			path = Views;
			sourceTree = "<group>";
		};
		243F77D82B9E0E4300899AD5 /* UploadDesign */ = {
			isa = PBXGroup;
			children = (
				243F77D92B9E0E5100899AD5 /* VIews */,
				F9B873482A27037800806327 /* UploadDesignViewModel.swift */,
			);
			path = UploadDesign;
			sourceTree = "<group>";
		};
		243F77D92B9E0E5100899AD5 /* VIews */ = {
			isa = PBXGroup;
			children = (
				F9B873462A27036200806327 /* UploadDesignView.swift */,
			);
			path = VIews;
			sourceTree = "<group>";
		};
		2467B9D72BCDBC1E00D54E70 /* Onboarding */ = {
			isa = PBXGroup;
			children = (
				2467B9D82BCDBC2600D54E70 /* Views */,
				2467B9D92BCDBC3900D54E70 /* OnboardingViewModel.swift */,
			);
			path = Onboarding;
			sourceTree = "<group>";
		};
		2467B9D82BCDBC2600D54E70 /* Views */ = {
			isa = PBXGroup;
			children = (
				2467B9DB2BCDBC4500D54E70 /* OnboardingView.swift */,
			);
			path = Views;
			sourceTree = "<group>";
		};
		24BC21A92BDB0BE600AE616C /* DesignDetail */ = {
			isa = PBXGroup;
			children = (
				24BC21AA2BDB0BF100AE616C /* Views */,
				24BC21AB2BDB0C0500AE616C /* DesignDetailViewModel.swift */,
			);
			path = DesignDetail;
			sourceTree = "<group>";
		};
		24BC21AA2BDB0BF100AE616C /* Views */ = {
			isa = PBXGroup;
			children = (
				24BC21AD2BDB0C1400AE616C /* DesignDetailView.swift */,
			);
			path = Views;
			sourceTree = "<group>";
		};
		24BC21AF2BDB2FD900AE616C /* UserDetail */ = {
			isa = PBXGroup;
			children = (
				24BC21B02BDB2FE100AE616C /* Views */,
				24BC21B32BDB301500AE616C /* UserDetailViewModel.swift */,
			);
			path = UserDetail;
			sourceTree = "<group>";
		};
		24BC21B02BDB2FE100AE616C /* Views */ = {
			isa = PBXGroup;
			children = (
				24BC21B12BDB2FF200AE616C /* UserDetailView.swift */,
			);
			path = Views;
			sourceTree = "<group>";
		};
		24CFC77A2BCEAE060022283D /* CreateTattooerProfile */ = {
			isa = PBXGroup;
			children = (
				24CFC77B2BCEAE170022283D /* Views */,
				2467B9DD2BCDC94600D54E70 /* CreateTattooerProfileViewModel.swift */,
			);
			path = CreateTattooerProfile;
			sourceTree = "<group>";
		};
		24CFC77B2BCEAE170022283D /* Views */ = {
			isa = PBXGroup;
			children = (
				24F029A82BCD83FD0080069D /* CreateTattooerProfileView.swift */,
			);
			path = Views;
			sourceTree = "<group>";
		};
		24CFC77C2BCEBF730022283D /* Home */ = {
			isa = PBXGroup;
			children = (
				24CFC77D2BCEBF7A0022283D /* Views */,
				24CFC77E2BCEBF8D0022283D /* HomeViewModel.swift */,
			);
			path = Home;
			sourceTree = "<group>";
		};
		24CFC77D2BCEBF7A0022283D /* Views */ = {
			isa = PBXGroup;
			children = (
				24CFC7802BCEBF990022283D /* HomeView.swift */,
			);
			path = Views;
			sourceTree = "<group>";
		};
		24F029832BCD76190080069D /* Welcome */ = {
			isa = PBXGroup;
			children = (
				24F029862BCD764D0080069D /* Views */,
				24F029882BCD76750080069D /* WelcomeViewModel.swift */,
			);
			path = Welcome;
			sourceTree = "<group>";
		};
		24F029862BCD764D0080069D /* Views */ = {
			isa = PBXGroup;
			children = (
				24F0298A2BCD773F0080069D /* WelcomeView.swift */,
			);
			path = Views;
			sourceTree = "<group>";
		};
		66375DAC2BD97D9E00FF204C /* Views */ = {
			isa = PBXGroup;
			children = (
				662F615A2BD9808C00BE6469 /* UserFeedView.swift */,
				662F615C2BD980B000BE6469 /* FeedItemView.swift */,
				24626E952BE3EF3D00DBAAE2 /* FiltersView.swift */,
			);
			path = Views;
			sourceTree = "<group>";
		};
		66E3C2DE2BD97A2C00BAD6B8 /* Feed */ = {
			isa = PBXGroup;
			children = (
				66375DAC2BD97D9E00FF204C /* Views */,
				66375DAD2BD97E1800FF204C /* UserFeedViewModel.swift */,
			);
			path = Feed;
			sourceTree = "<group>";
		};
		F99AC4102A1BD15F00188124 = {
			isa = PBXGroup;
			children = (
				F99AC4352A1BD89500188124 /* GoogleService-Info.plist */,
				244EE91E2BD1B3F70031B347 /* Localizable.xcstrings */,
				244EE9062BD190C90031B347 /* Localazy.plist */,
				244EE9012BD18ED20031B347 /* localazy.json */,
				F99AC41B2A1BD16000188124 /* InkWay */,
				F99AC41A2A1BD16000188124 /* Products */,
				F9B873502A27187E00806327 /* Frameworks */,
			);
			sourceTree = "<group>";
		};
		F99AC41A2A1BD16000188124 /* Products */ = {
			isa = PBXGroup;
			children = (
				F99AC4192A1BD16000188124 /* InkWay.app */,
			);
			name = Products;
			sourceTree = "<group>";
		};
		F99AC41B2A1BD16000188124 /* InkWay */ = {
			isa = PBXGroup;
			children = (
				F93616EB2BE7A62800220EC9 /* InkWay.entitlements */,
				F9CF26802A1BEC1400D8F5FA /* App */,
				243F77B92B9E03AE00899AD5 /* Data */,
				243F77B82B9E03A900899AD5 /* Domain */,
				243F77B72B9E039E00899AD5 /* Presentation */,
				F9B873312A25491A00806327 /* Info.plist */,
			);
			path = InkWay;
			sourceTree = "<group>";
		};
		F9B873502A27187E00806327 /* Frameworks */ = {
			isa = PBXGroup;
			children = (
			);
			name = Frameworks;
			sourceTree = "<group>";
		};
		F9CF26802A1BEC1400D8F5FA /* App */ = {
			isa = PBXGroup;
			children = (
				F99AC41C2A1BD16000188124 /* InkWayApp.swift */,
				F99AC4202A1BD16900188124 /* Assets.xcassets */,
			);
			path = App;
			sourceTree = "<group>";
		};
/* End PBXGroup section */

/* Begin PBXNativeTarget section */
		F99AC4182A1BD15F00188124 /* InkWay */ = {
			isa = PBXNativeTarget;
			buildConfigurationList = F99AC4272A1BD16900188124 /* Build configuration list for PBXNativeTarget "InkWay" */;
			buildPhases = (
				F99AC4152A1BD15F00188124 /* Sources */,
				F99AC4162A1BD15F00188124 /* Frameworks */,
				F99AC4172A1BD15F00188124 /* Resources */,
			);
			buildRules = (
			);
			dependencies = (
			);
			name = InkWay;
			packageProductDependencies = (
				F9B8732F2A250B3500806327 /* LocationPicker */,
				662F615F2BD9815400BE6469 /* WrappingHStack */,
				6689E9D12BDA404F00ABC0F2 /* CenteredCollectionView */,
				F939063F2BE6B596001E3FBD /* GoogleSignIn */,
				F93906412BE6B596001E3FBD /* GoogleSignInSwift */,
				242D83912BE95CE600736F1F /* FirebaseAnalytics */,
				242D83932BE95CE600736F1F /* FirebaseAnalyticsOnDeviceConversion */,
				242D83952BE95CE600736F1F /* FirebaseAnalyticsSwift */,
				242D83972BE95CE600736F1F /* FirebaseAnalyticsWithoutAdIdSupport */,
				242D83992BE95CE600736F1F /* FirebaseAppCheck */,
				242D839B2BE95CE600736F1F /* FirebaseAppDistribution-Beta */,
				242D839D2BE95CE600736F1F /* FirebaseAuth */,
				242D839F2BE95CE600736F1F /* FirebaseAuthCombine-Community */,
				242D83A12BE95CE600736F1F /* FirebaseCrashlytics */,
				242D83A32BE95CE600736F1F /* FirebaseDatabase */,
				242D83A52BE95CE600736F1F /* FirebaseDatabaseSwift */,
				242D83A72BE95CE600736F1F /* FirebaseDynamicLinks */,
				242D83A92BE95CE600736F1F /* FirebaseFirestore */,
				242D83AB2BE95CE600736F1F /* FirebaseFirestoreCombine-Community */,
				242D83AD2BE95CE600736F1F /* FirebaseFirestoreSwift */,
				242D83AF2BE95CE600736F1F /* FirebaseFunctions */,
				242D83B12BE95CE600736F1F /* FirebaseFunctionsCombine-Community */,
				242D83B32BE95CE600736F1F /* FirebaseInAppMessaging-Beta */,
				242D83B52BE95CE600736F1F /* FirebaseInAppMessagingSwift-Beta */,
				242D83B72BE95CE600736F1F /* FirebaseInstallations */,
				242D83B92BE95CE600736F1F /* FirebaseMLModelDownloader */,
				242D83BB2BE95CE600736F1F /* FirebaseMessaging */,
				242D83BD2BE95CE600736F1F /* FirebasePerformance */,
				242D83BF2BE95CE600736F1F /* FirebaseRemoteConfig */,
				242D83C12BE95CE600736F1F /* FirebaseRemoteConfigSwift */,
				242D83C32BE95CE600736F1F /* FirebaseStorage */,
				242D83C52BE95CE600736F1F /* FirebaseStorageCombine-Community */,
			);
			productName = InkWay;
			productReference = F99AC4192A1BD16000188124 /* InkWay.app */;
			productType = "com.apple.product-type.application";
		};
/* End PBXNativeTarget section */

/* Begin PBXProject section */
		F99AC4112A1BD15F00188124 /* Project object */ = {
			isa = PBXProject;
			attributes = {
				BuildIndependentTargetsInParallel = 1;
				LastSwiftUpdateCheck = 1420;
				LastUpgradeCheck = 1530;
				TargetAttributes = {
					F99AC4182A1BD15F00188124 = {
						CreatedOnToolsVersion = 14.2;
					};
				};
			};
			buildConfigurationList = F99AC4142A1BD15F00188124 /* Build configuration list for PBXProject "InkWay" */;
			compatibilityVersion = "Xcode 14.0";
			developmentRegion = en;
			hasScannedForEncodings = 0;
			knownRegions = (
				en,
				Base,
				sk,
				cs,
			);
			mainGroup = F99AC4102A1BD15F00188124;
			packageReferences = (
				F9B8732E2A250B3500806327 /* XCRemoteSwiftPackageReference "LocationPickerForSwiftUI" */,
				662F615E2BD9815400BE6469 /* XCRemoteSwiftPackageReference "WrappingHStack" */,
				6689E9D02BDA404F00ABC0F2 /* XCRemoteSwiftPackageReference "CenteredCollectionView" */,
				F939063E2BE6B596001E3FBD /* XCRemoteSwiftPackageReference "GoogleSignIn-iOS" */,
				242D83902BE95CE600736F1F /* XCRemoteSwiftPackageReference "firebase-ios-sdk" */,
			);
			productRefGroup = F99AC41A2A1BD16000188124 /* Products */;
			projectDirPath = "";
			projectRoot = "";
			targets = (
				F99AC4182A1BD15F00188124 /* InkWay */,
			);
		};
/* End PBXProject section */

/* Begin PBXResourcesBuildPhase section */
		F99AC4172A1BD15F00188124 /* Resources */ = {
			isa = PBXResourcesBuildPhase;
			buildActionMask = 2147483647;
			files = (
				F99AC4212A1BD16900188124 /* Assets.xcassets in Resources */,
				244EE9022BD18ED20031B347 /* localazy.json in Resources */,
				F99AC4362A1BD89500188124 /* GoogleService-Info.plist in Resources */,
				244EE9072BD190C90031B347 /* Localazy.plist in Resources */,
				244EE91F2BD1B3F70031B347 /* Localizable.xcstrings in Resources */,
			);
			runOnlyForDeploymentPostprocessing = 0;
		};
/* End PBXResourcesBuildPhase section */

/* Begin PBXSourcesBuildPhase section */
		F99AC4152A1BD15F00188124 /* Sources */ = {
			isa = PBXSourcesBuildPhase;
			buildActionMask = 2147483647;
			files = (
				24FEA83B2BE94D1800DB772D /* UploadDesignUseCase.swift in Sources */,
				243772AA2BEA4CE1001455D8 /* PostModel.swift in Sources */,
				662F615B2BD9808C00BE6469 /* UserFeedView.swift in Sources */,
				243772A42BEA3212001455D8 /* FetchUserWithIdUseCase.swift in Sources */,
				F9CF26822A1BF04E00D8F5FA /* LoginView.swift in Sources */,
				F9B873392A2621D200806327 /* FindArtistsViewModel.swift in Sources */,
				24CFC7762BCE941B0022283D /* IWOnboardingSlide.swift in Sources */,
				24CFC77F2BCEBF8D0022283D /* HomeViewModel.swift in Sources */,
				24CFC7742BCE941B0022283D /* IWGoogleSignInButton.swift in Sources */,
				24BC21B22BDB2FF200AE616C /* UserDetailView.swift in Sources */,
				243772A22BEA309C001455D8 /* GetAllDesignsUseCase.swift in Sources */,
				F93906462BE6B734001E3FBD /* SignInWithAppleUserUseCase.swift in Sources */,
				F9B8732B2A24FC4F00806327 /* IWErrors.swift in Sources */,
				F9674BCB2A27B0DA00143D3C /* ArtistCardView.swift in Sources */,
				F9CE2FD72A1C11EA008F9E9B /* LoginViewModel.swift in Sources */,
				F9CE2FD92A1C127A008F9E9B /* RegisterViewModel.swift in Sources */,
				243F77DB2B9E0EFA00899AD5 /* UserRepositoryImpl.swift in Sources */,
				2467B9DE2BCDC94600D54E70 /* CreateTattooerProfileViewModel.swift in Sources */,
				24CFC76F2BCE941B0022283D /* IWAppleSignInButton.swift in Sources */,
				243772AC2BEA5BCD001455D8 /* GetArtistDesignsUseCase.swift in Sources */,
				F9B873232A1C665600806327 /* UserProfileViewModel.swift in Sources */,
				24F029892BCD76750080069D /* WelcomeViewModel.swift in Sources */,
				66375DAE2BD97E1800FF204C /* UserFeedViewModel.swift in Sources */,
				243772A82BEA3A77001455D8 /* GetPostsUseCase.swift in Sources */,
				2493E6552BCF43340076BA26 /* RegisterNewUserUseCase.swift in Sources */,
				2467B9DA2BCDBC3900D54E70 /* OnboardingViewModel.swift in Sources */,
				240EA46B2BE6E05C005A1C79 /* ArtitsListView.swift in Sources */,
				F9B873412A26DA1300806327 /* EditUserProfileView.swift in Sources */,
				243F77C22B9E08C500899AD5 /* FetchCurrentUserUseCase.swift in Sources */,
				24F029AD2BCD86B50080069D /* BaseRouter.swift in Sources */,
				24CFC7722BCE941B0022283D /* IWErrorMessageBar.swift in Sources */,
				24CFC7782BCE941B0022283D /* IWFlowLayout.swift in Sources */,
				243F77C42B9E08D900899AD5 /* UsersRepository.swift in Sources */,
				24CFC7792BCE941B0022283D /* IWFormInputField.swift in Sources */,
				24CFC7752BCE941B0022283D /* IWProfilePicturePicker.swift in Sources */,
				F9674BCD2A27B0ED00143D3C /* ArtistCardViewModel.swift in Sources */,
				24F029AB2BCD83FD0080069D /* CreateTattooerProfileView.swift in Sources */,
				F9B873472A27036200806327 /* UploadDesignView.swift in Sources */,
				F9B873212A1C656100806327 /* UserProfileView.swift in Sources */,
				F9B873492A27037800806327 /* UploadDesignViewModel.swift in Sources */,
				24CFC7732BCE941B0022283D /* IWTag.swift in Sources */,
				F9B8731B2A1C5A3700806327 /* Extensions.swift in Sources */,
				24BC21AC2BDB0C0500AE616C /* DesignDetailViewModel.swift in Sources */,
				F9CE2FDB2A1C17E6008F9E9B /* IWButton.swift in Sources */,
				662F615D2BD980B000BE6469 /* FeedItemView.swift in Sources */,
				243F77DD2B9E166900899AD5 /* DesignsRepository.swift in Sources */,
				243772A62BEA37A7001455D8 /* GetMineDesignsUseCase.swift in Sources */,
				F99AC41F2A1BD16000188124 /* MainView.swift in Sources */,
				F9B8734D2A2705F200806327 /* UserDesignViewModel.swift in Sources */,
				F9B873192A1C594300806327 /* UserModel.swift in Sources */,
				24BC21B42BDB301500AE616C /* UserDetailViewModel.swift in Sources */,
				F99AC41D2A1BD16000188124 /* InkWayApp.swift in Sources */,
				24BC21AE2BDB0C1400AE616C /* DesignDetailView.swift in Sources */,
				F9B873542A27641400806327 /* ImagePickerView.swift in Sources */,
				F9B8733B2A26233C00806327 /* FindArtistsView.swift in Sources */,
				24CFC7812BCEBF990022283D /* HomeView.swift in Sources */,
				24FEA8392BE94BE200DB772D /* DesignsRepositoryImpl.swift in Sources */,
				24CFC76E2BCE941B0022283D /* IWCheckBox.swift in Sources */,
				24CFC7702BCE941B0022283D /* IWPrimaryButton.swift in Sources */,
				24CFC7772BCE941B0022283D /* IWSecondaryButton.swift in Sources */,
				F93906452BE6B734001E3FBD /* SignInWithGoogleUserUseCase.swift in Sources */,
				24F0298B2BCD773F0080069D /* WelcomeView.swift in Sources */,
				243428572BE7E1EB00578BBA /* EditDesignView.swift in Sources */,
				F9B8734B2A27054900806327 /* UserDesignView.swift in Sources */,
				243F77BF2B9E071E00899AD5 /* UseCase.swift in Sources */,
				F9B8731D2A1C5BDC00806327 /* MainViewModel.swift in Sources */,
				24626E962BE3EF3D00DBAAE2 /* FiltersView.swift in Sources */,
				240EA4692BE6CAB3005A1C79 /* LikedPostsView.swift in Sources */,
				2467B9DC2BCDBC4500D54E70 /* OnboardingView.swift in Sources */,
				F9B8734F2A27159B00806327 /* DesignModel.swift in Sources */,
				24F029AA2BCD83FD0080069D /* RegisterView.swift in Sources */,
				2493E6532BCF3E680076BA26 /* SignInUserUseCase.swift in Sources */,
				24CFC7712BCE941B0022283D /* IWTagPicker.swift in Sources */,
			);
			runOnlyForDeploymentPostprocessing = 0;
		};
/* End PBXSourcesBuildPhase section */

/* Begin XCBuildConfiguration section */
		F99AC4252A1BD16900188124 /* Debug */ = {
			isa = XCBuildConfiguration;
			buildSettings = {
				ALWAYS_SEARCH_USER_PATHS = NO;
				CLANG_ANALYZER_LOCALIZABILITY_NONLOCALIZED = YES;
				CLANG_ANALYZER_NONNULL = YES;
				CLANG_ANALYZER_NUMBER_OBJECT_CONVERSION = YES_AGGRESSIVE;
				CLANG_CXX_LANGUAGE_STANDARD = "gnu++20";
				CLANG_ENABLE_MODULES = YES;
				CLANG_ENABLE_OBJC_ARC = YES;
				CLANG_ENABLE_OBJC_WEAK = YES;
				CLANG_WARN_BLOCK_CAPTURE_AUTORELEASING = YES;
				CLANG_WARN_BOOL_CONVERSION = YES;
				CLANG_WARN_COMMA = YES;
				CLANG_WARN_CONSTANT_CONVERSION = YES;
				CLANG_WARN_DEPRECATED_OBJC_IMPLEMENTATIONS = YES;
				CLANG_WARN_DIRECT_OBJC_ISA_USAGE = YES_ERROR;
				CLANG_WARN_DOCUMENTATION_COMMENTS = YES;
				CLANG_WARN_EMPTY_BODY = YES;
				CLANG_WARN_ENUM_CONVERSION = YES;
				CLANG_WARN_INFINITE_RECURSION = YES;
				CLANG_WARN_INT_CONVERSION = YES;
				CLANG_WARN_NON_LITERAL_NULL_CONVERSION = YES;
				CLANG_WARN_OBJC_IMPLICIT_RETAIN_SELF = YES;
				CLANG_WARN_OBJC_LITERAL_CONVERSION = YES;
				CLANG_WARN_OBJC_ROOT_CLASS = YES_ERROR;
				CLANG_WARN_QUOTED_INCLUDE_IN_FRAMEWORK_HEADER = YES;
				CLANG_WARN_RANGE_LOOP_ANALYSIS = YES;
				CLANG_WARN_STRICT_PROTOTYPES = YES;
				CLANG_WARN_SUSPICIOUS_MOVE = YES;
				CLANG_WARN_UNGUARDED_AVAILABILITY = YES_AGGRESSIVE;
				CLANG_WARN_UNREACHABLE_CODE = YES;
				CLANG_WARN__DUPLICATE_METHOD_MATCH = YES;
				COPY_PHASE_STRIP = NO;
				DEBUG_INFORMATION_FORMAT = dwarf;
				ENABLE_STRICT_OBJC_MSGSEND = YES;
				ENABLE_TESTABILITY = YES;
				ENABLE_USER_SCRIPT_SANDBOXING = YES;
				GCC_C_LANGUAGE_STANDARD = gnu11;
				GCC_DYNAMIC_NO_PIC = NO;
				GCC_NO_COMMON_BLOCKS = YES;
				GCC_OPTIMIZATION_LEVEL = 0;
				GCC_PREPROCESSOR_DEFINITIONS = (
					"DEBUG=1",
					"$(inherited)",
				);
				GCC_WARN_64_TO_32_BIT_CONVERSION = YES;
				GCC_WARN_ABOUT_RETURN_TYPE = YES_ERROR;
				GCC_WARN_UNDECLARED_SELECTOR = YES;
				GCC_WARN_UNINITIALIZED_AUTOS = YES_AGGRESSIVE;
				GCC_WARN_UNUSED_FUNCTION = YES;
				GCC_WARN_UNUSED_VARIABLE = YES;
				IPHONEOS_DEPLOYMENT_TARGET = 16.2;
				MTL_ENABLE_DEBUG_INFO = INCLUDE_SOURCE;
				MTL_FAST_MATH = YES;
				ONLY_ACTIVE_ARCH = YES;
				SDKROOT = iphoneos;
				SWIFT_ACTIVE_COMPILATION_CONDITIONS = DEBUG;
				SWIFT_OPTIMIZATION_LEVEL = "-Onone";
			};
			name = Debug;
		};
		F99AC4262A1BD16900188124 /* Release */ = {
			isa = XCBuildConfiguration;
			buildSettings = {
				ALWAYS_SEARCH_USER_PATHS = NO;
				CLANG_ANALYZER_LOCALIZABILITY_NONLOCALIZED = YES;
				CLANG_ANALYZER_NONNULL = YES;
				CLANG_ANALYZER_NUMBER_OBJECT_CONVERSION = YES_AGGRESSIVE;
				CLANG_CXX_LANGUAGE_STANDARD = "gnu++20";
				CLANG_ENABLE_MODULES = YES;
				CLANG_ENABLE_OBJC_ARC = YES;
				CLANG_ENABLE_OBJC_WEAK = YES;
				CLANG_WARN_BLOCK_CAPTURE_AUTORELEASING = YES;
				CLANG_WARN_BOOL_CONVERSION = YES;
				CLANG_WARN_COMMA = YES;
				CLANG_WARN_CONSTANT_CONVERSION = YES;
				CLANG_WARN_DEPRECATED_OBJC_IMPLEMENTATIONS = YES;
				CLANG_WARN_DIRECT_OBJC_ISA_USAGE = YES_ERROR;
				CLANG_WARN_DOCUMENTATION_COMMENTS = YES;
				CLANG_WARN_EMPTY_BODY = YES;
				CLANG_WARN_ENUM_CONVERSION = YES;
				CLANG_WARN_INFINITE_RECURSION = YES;
				CLANG_WARN_INT_CONVERSION = YES;
				CLANG_WARN_NON_LITERAL_NULL_CONVERSION = YES;
				CLANG_WARN_OBJC_IMPLICIT_RETAIN_SELF = YES;
				CLANG_WARN_OBJC_LITERAL_CONVERSION = YES;
				CLANG_WARN_OBJC_ROOT_CLASS = YES_ERROR;
				CLANG_WARN_QUOTED_INCLUDE_IN_FRAMEWORK_HEADER = YES;
				CLANG_WARN_RANGE_LOOP_ANALYSIS = YES;
				CLANG_WARN_STRICT_PROTOTYPES = YES;
				CLANG_WARN_SUSPICIOUS_MOVE = YES;
				CLANG_WARN_UNGUARDED_AVAILABILITY = YES_AGGRESSIVE;
				CLANG_WARN_UNREACHABLE_CODE = YES;
				CLANG_WARN__DUPLICATE_METHOD_MATCH = YES;
				COPY_PHASE_STRIP = NO;
				DEBUG_INFORMATION_FORMAT = "dwarf-with-dsym";
				ENABLE_NS_ASSERTIONS = NO;
				ENABLE_STRICT_OBJC_MSGSEND = YES;
				ENABLE_USER_SCRIPT_SANDBOXING = YES;
				GCC_C_LANGUAGE_STANDARD = gnu11;
				GCC_NO_COMMON_BLOCKS = YES;
				GCC_WARN_64_TO_32_BIT_CONVERSION = YES;
				GCC_WARN_ABOUT_RETURN_TYPE = YES_ERROR;
				GCC_WARN_UNDECLARED_SELECTOR = YES;
				GCC_WARN_UNINITIALIZED_AUTOS = YES_AGGRESSIVE;
				GCC_WARN_UNUSED_FUNCTION = YES;
				GCC_WARN_UNUSED_VARIABLE = YES;
				IPHONEOS_DEPLOYMENT_TARGET = 16.2;
				MTL_ENABLE_DEBUG_INFO = NO;
				MTL_FAST_MATH = YES;
				SDKROOT = iphoneos;
				SWIFT_COMPILATION_MODE = wholemodule;
				SWIFT_OPTIMIZATION_LEVEL = "-O";
				VALIDATE_PRODUCT = YES;
			};
			name = Release;
		};
		F99AC4282A1BD16900188124 /* Debug */ = {
			isa = XCBuildConfiguration;
			buildSettings = {
				ASSETCATALOG_COMPILER_GLOBAL_ACCENT_COLOR_NAME = AccentColor;
				ASSETCATALOG_COMPILER_INCLUDE_ALL_APPICON_ASSETS = NO;
				CODE_SIGN_ENTITLEMENTS = InkWay/InkWay.entitlements;
				CODE_SIGN_STYLE = Automatic;
				CURRENT_PROJECT_VERSION = 1;
				DEVELOPMENT_ASSET_PATHS = "\"InkWay/Preview Content\"";
				DEVELOPMENT_TEAM = "";
				ENABLE_PREVIEWS = YES;
				GENERATE_INFOPLIST_FILE = YES;
				INFOPLIST_FILE = InkWay/Info.plist;
				INFOPLIST_KEY_CFBundleDisplayName = InkWay;
				INFOPLIST_KEY_LSApplicationCategoryType = "public.app-category.lifestyle";
				INFOPLIST_KEY_NSLocationAlwaysAndWhenInUseUsageDescription = "Let us please your location for better suggestions";
				INFOPLIST_KEY_NSLocationWhenInUseUsageDescription = "Please allow location access for best matches.";
				INFOPLIST_KEY_NSPhotoLibraryUsageDescription = "Please provide access to the photo library for uploading your image.";
				INFOPLIST_KEY_UIApplicationSupportsIndirectInputEvents = YES;
				INFOPLIST_KEY_UILaunchScreen_Generation = YES;
				INFOPLIST_KEY_UISupportedInterfaceOrientations = UIInterfaceOrientationPortrait;
				IPHONEOS_DEPLOYMENT_TARGET = 16.2;
				LD_RUNPATH_SEARCH_PATHS = (
					"$(inherited)",
					"@executable_path/Frameworks",
				);
				MARKETING_VERSION = 1.0;
				PRODUCT_BUNDLE_IDENTIFIER = "io.nourish-softworks.InkWay";
				PRODUCT_NAME = "$(TARGET_NAME)";
				SUPPORTED_PLATFORMS = "iphoneos iphonesimulator";
				SUPPORTS_MACCATALYST = NO;
				SUPPORTS_MAC_DESIGNED_FOR_IPHONE_IPAD = NO;
				SWIFT_EMIT_LOC_STRINGS = YES;
				SWIFT_VERSION = 5.0;
				TARGETED_DEVICE_FAMILY = "1,2";
			};
			name = Debug;
		};
		F99AC4292A1BD16900188124 /* Release */ = {
			isa = XCBuildConfiguration;
			buildSettings = {
				ASSETCATALOG_COMPILER_GLOBAL_ACCENT_COLOR_NAME = AccentColor;
				ASSETCATALOG_COMPILER_INCLUDE_ALL_APPICON_ASSETS = NO;
				CODE_SIGN_ENTITLEMENTS = InkWay/InkWay.entitlements;
				CODE_SIGN_IDENTITY = "Apple Development";
				CODE_SIGN_STYLE = Automatic;
				CURRENT_PROJECT_VERSION = 1;
				DEVELOPMENT_ASSET_PATHS = "\"InkWay/Preview Content\"";
				DEVELOPMENT_TEAM = "";
				ENABLE_PREVIEWS = YES;
				GENERATE_INFOPLIST_FILE = YES;
				INFOPLIST_FILE = InkWay/Info.plist;
				INFOPLIST_KEY_CFBundleDisplayName = InkWay;
				INFOPLIST_KEY_LSApplicationCategoryType = "public.app-category.lifestyle";
				INFOPLIST_KEY_NSLocationAlwaysAndWhenInUseUsageDescription = "Let us please your location for better suggestions";
				INFOPLIST_KEY_NSLocationWhenInUseUsageDescription = "Please allow location access for best matches.";
				INFOPLIST_KEY_NSPhotoLibraryUsageDescription = "Please provide access to the photo library for uploading your image.";
				INFOPLIST_KEY_UIApplicationSupportsIndirectInputEvents = YES;
				INFOPLIST_KEY_UILaunchScreen_Generation = YES;
				INFOPLIST_KEY_UISupportedInterfaceOrientations = UIInterfaceOrientationPortrait;
				IPHONEOS_DEPLOYMENT_TARGET = 16.2;
				LD_RUNPATH_SEARCH_PATHS = (
					"$(inherited)",
					"@executable_path/Frameworks",
				);
				MARKETING_VERSION = 1.0;
				PRODUCT_BUNDLE_IDENTIFIER = "io.nourish-softworks.InkWay";
				PRODUCT_NAME = "$(TARGET_NAME)";
				PROVISIONING_PROFILE_SPECIFIER = "";
				SUPPORTED_PLATFORMS = "iphoneos iphonesimulator";
				SUPPORTS_MACCATALYST = NO;
				SUPPORTS_MAC_DESIGNED_FOR_IPHONE_IPAD = NO;
				SWIFT_EMIT_LOC_STRINGS = YES;
				SWIFT_VERSION = 5.0;
				TARGETED_DEVICE_FAMILY = "1,2";
			};
			name = Release;
		};
/* End XCBuildConfiguration section */

/* Begin XCConfigurationList section */
		F99AC4142A1BD15F00188124 /* Build configuration list for PBXProject "InkWay" */ = {
			isa = XCConfigurationList;
			buildConfigurations = (
				F99AC4252A1BD16900188124 /* Debug */,
				F99AC4262A1BD16900188124 /* Release */,
			);
			defaultConfigurationIsVisible = 0;
			defaultConfigurationName = Release;
		};
		F99AC4272A1BD16900188124 /* Build configuration list for PBXNativeTarget "InkWay" */ = {
			isa = XCConfigurationList;
			buildConfigurations = (
				F99AC4282A1BD16900188124 /* Debug */,
				F99AC4292A1BD16900188124 /* Release */,
			);
			defaultConfigurationIsVisible = 0;
			defaultConfigurationName = Release;
		};
/* End XCConfigurationList section */

/* Begin XCRemoteSwiftPackageReference section */
		242D83902BE95CE600736F1F /* XCRemoteSwiftPackageReference "firebase-ios-sdk" */ = {
			isa = XCRemoteSwiftPackageReference;
			repositoryURL = "https://github.com/firebase/firebase-ios-sdk";
			requirement = {
				kind = upToNextMajorVersion;
				minimumVersion = 10.25.0;
			};
		};
		662F615E2BD9815400BE6469 /* XCRemoteSwiftPackageReference "WrappingHStack" */ = {
			isa = XCRemoteSwiftPackageReference;
			repositoryURL = "https://github.com/dkk/WrappingHStack";
			requirement = {
				branch = main;
				kind = branch;
			};
		};
		6689E9D02BDA404F00ABC0F2 /* XCRemoteSwiftPackageReference "CenteredCollectionView" */ = {
			isa = XCRemoteSwiftPackageReference;
			repositoryURL = "https://github.com/BenEmdon/CenteredCollectionView";
			requirement = {
				kind = upToNextMajorVersion;
				minimumVersion = 2.0.0;
			};
		};
		F939063E2BE6B596001E3FBD /* XCRemoteSwiftPackageReference "GoogleSignIn-iOS" */ = {
			isa = XCRemoteSwiftPackageReference;
			repositoryURL = "https://github.com/google/GoogleSignIn-iOS";
			requirement = {
				branch = main;
				kind = branch;
			};
		};
		F9B8732E2A250B3500806327 /* XCRemoteSwiftPackageReference "LocationPickerForSwiftUI" */ = {
			isa = XCRemoteSwiftPackageReference;
			repositoryURL = "https://github.com/alessiorubicini/LocationPickerForSwiftUI";
			requirement = {
				kind = upToNextMajorVersion;
				minimumVersion = 1.0.0;
			};
		};
/* End XCRemoteSwiftPackageReference section */

/* Begin XCSwiftPackageProductDependency section */
		242D83912BE95CE600736F1F /* FirebaseAnalytics */ = {
			isa = XCSwiftPackageProductDependency;
			package = 242D83902BE95CE600736F1F /* XCRemoteSwiftPackageReference "firebase-ios-sdk" */;
			productName = FirebaseAnalytics;
		};
		242D83932BE95CE600736F1F /* FirebaseAnalyticsOnDeviceConversion */ = {
			isa = XCSwiftPackageProductDependency;
			package = 242D83902BE95CE600736F1F /* XCRemoteSwiftPackageReference "firebase-ios-sdk" */;
			productName = FirebaseAnalyticsOnDeviceConversion;
		};
		242D83952BE95CE600736F1F /* FirebaseAnalyticsSwift */ = {
			isa = XCSwiftPackageProductDependency;
			package = 242D83902BE95CE600736F1F /* XCRemoteSwiftPackageReference "firebase-ios-sdk" */;
			productName = FirebaseAnalyticsSwift;
		};
		242D83972BE95CE600736F1F /* FirebaseAnalyticsWithoutAdIdSupport */ = {
			isa = XCSwiftPackageProductDependency;
			package = 242D83902BE95CE600736F1F /* XCRemoteSwiftPackageReference "firebase-ios-sdk" */;
			productName = FirebaseAnalyticsWithoutAdIdSupport;
		};
		242D83992BE95CE600736F1F /* FirebaseAppCheck */ = {
			isa = XCSwiftPackageProductDependency;
			package = 242D83902BE95CE600736F1F /* XCRemoteSwiftPackageReference "firebase-ios-sdk" */;
			productName = FirebaseAppCheck;
		};
		242D839B2BE95CE600736F1F /* FirebaseAppDistribution-Beta */ = {
			isa = XCSwiftPackageProductDependency;
			package = 242D83902BE95CE600736F1F /* XCRemoteSwiftPackageReference "firebase-ios-sdk" */;
			productName = "FirebaseAppDistribution-Beta";
		};
		242D839D2BE95CE600736F1F /* FirebaseAuth */ = {
			isa = XCSwiftPackageProductDependency;
			package = 242D83902BE95CE600736F1F /* XCRemoteSwiftPackageReference "firebase-ios-sdk" */;
			productName = FirebaseAuth;
		};
		242D839F2BE95CE600736F1F /* FirebaseAuthCombine-Community */ = {
			isa = XCSwiftPackageProductDependency;
			package = 242D83902BE95CE600736F1F /* XCRemoteSwiftPackageReference "firebase-ios-sdk" */;
			productName = "FirebaseAuthCombine-Community";
		};
		242D83A12BE95CE600736F1F /* FirebaseCrashlytics */ = {
			isa = XCSwiftPackageProductDependency;
			package = 242D83902BE95CE600736F1F /* XCRemoteSwiftPackageReference "firebase-ios-sdk" */;
			productName = FirebaseCrashlytics;
		};
		242D83A32BE95CE600736F1F /* FirebaseDatabase */ = {
			isa = XCSwiftPackageProductDependency;
			package = 242D83902BE95CE600736F1F /* XCRemoteSwiftPackageReference "firebase-ios-sdk" */;
			productName = FirebaseDatabase;
		};
		242D83A52BE95CE600736F1F /* FirebaseDatabaseSwift */ = {
			isa = XCSwiftPackageProductDependency;
			package = 242D83902BE95CE600736F1F /* XCRemoteSwiftPackageReference "firebase-ios-sdk" */;
			productName = FirebaseDatabaseSwift;
		};
		242D83A72BE95CE600736F1F /* FirebaseDynamicLinks */ = {
			isa = XCSwiftPackageProductDependency;
			package = 242D83902BE95CE600736F1F /* XCRemoteSwiftPackageReference "firebase-ios-sdk" */;
			productName = FirebaseDynamicLinks;
		};
		242D83A92BE95CE600736F1F /* FirebaseFirestore */ = {
			isa = XCSwiftPackageProductDependency;
			package = 242D83902BE95CE600736F1F /* XCRemoteSwiftPackageReference "firebase-ios-sdk" */;
			productName = FirebaseFirestore;
		};
		242D83AB2BE95CE600736F1F /* FirebaseFirestoreCombine-Community */ = {
			isa = XCSwiftPackageProductDependency;
			package = 242D83902BE95CE600736F1F /* XCRemoteSwiftPackageReference "firebase-ios-sdk" */;
			productName = "FirebaseFirestoreCombine-Community";
		};
		242D83AD2BE95CE600736F1F /* FirebaseFirestoreSwift */ = {
			isa = XCSwiftPackageProductDependency;
			package = 242D83902BE95CE600736F1F /* XCRemoteSwiftPackageReference "firebase-ios-sdk" */;
			productName = FirebaseFirestoreSwift;
		};
		242D83AF2BE95CE600736F1F /* FirebaseFunctions */ = {
			isa = XCSwiftPackageProductDependency;
			package = 242D83902BE95CE600736F1F /* XCRemoteSwiftPackageReference "firebase-ios-sdk" */;
			productName = FirebaseFunctions;
		};
		242D83B12BE95CE600736F1F /* FirebaseFunctionsCombine-Community */ = {
			isa = XCSwiftPackageProductDependency;
			package = 242D83902BE95CE600736F1F /* XCRemoteSwiftPackageReference "firebase-ios-sdk" */;
			productName = "FirebaseFunctionsCombine-Community";
		};
		242D83B32BE95CE600736F1F /* FirebaseInAppMessaging-Beta */ = {
			isa = XCSwiftPackageProductDependency;
			package = 242D83902BE95CE600736F1F /* XCRemoteSwiftPackageReference "firebase-ios-sdk" */;
			productName = "FirebaseInAppMessaging-Beta";
		};
		242D83B52BE95CE600736F1F /* FirebaseInAppMessagingSwift-Beta */ = {
			isa = XCSwiftPackageProductDependency;
			package = 242D83902BE95CE600736F1F /* XCRemoteSwiftPackageReference "firebase-ios-sdk" */;
			productName = "FirebaseInAppMessagingSwift-Beta";
		};
		242D83B72BE95CE600736F1F /* FirebaseInstallations */ = {
			isa = XCSwiftPackageProductDependency;
			package = 242D83902BE95CE600736F1F /* XCRemoteSwiftPackageReference "firebase-ios-sdk" */;
			productName = FirebaseInstallations;
		};
		242D83B92BE95CE600736F1F /* FirebaseMLModelDownloader */ = {
			isa = XCSwiftPackageProductDependency;
			package = 242D83902BE95CE600736F1F /* XCRemoteSwiftPackageReference "firebase-ios-sdk" */;
			productName = FirebaseMLModelDownloader;
		};
		242D83BB2BE95CE600736F1F /* FirebaseMessaging */ = {
			isa = XCSwiftPackageProductDependency;
			package = 242D83902BE95CE600736F1F /* XCRemoteSwiftPackageReference "firebase-ios-sdk" */;
			productName = FirebaseMessaging;
		};
		242D83BD2BE95CE600736F1F /* FirebasePerformance */ = {
			isa = XCSwiftPackageProductDependency;
			package = 242D83902BE95CE600736F1F /* XCRemoteSwiftPackageReference "firebase-ios-sdk" */;
			productName = FirebasePerformance;
		};
		242D83BF2BE95CE600736F1F /* FirebaseRemoteConfig */ = {
			isa = XCSwiftPackageProductDependency;
			package = 242D83902BE95CE600736F1F /* XCRemoteSwiftPackageReference "firebase-ios-sdk" */;
			productName = FirebaseRemoteConfig;
		};
		242D83C12BE95CE600736F1F /* FirebaseRemoteConfigSwift */ = {
			isa = XCSwiftPackageProductDependency;
			package = 242D83902BE95CE600736F1F /* XCRemoteSwiftPackageReference "firebase-ios-sdk" */;
			productName = FirebaseRemoteConfigSwift;
		};
		242D83C32BE95CE600736F1F /* FirebaseStorage */ = {
			isa = XCSwiftPackageProductDependency;
			package = 242D83902BE95CE600736F1F /* XCRemoteSwiftPackageReference "firebase-ios-sdk" */;
			productName = FirebaseStorage;
		};
		242D83C52BE95CE600736F1F /* FirebaseStorageCombine-Community */ = {
			isa = XCSwiftPackageProductDependency;
			package = 242D83902BE95CE600736F1F /* XCRemoteSwiftPackageReference "firebase-ios-sdk" */;
			productName = "FirebaseStorageCombine-Community";
		};
		662F615F2BD9815400BE6469 /* WrappingHStack */ = {
			isa = XCSwiftPackageProductDependency;
			package = 662F615E2BD9815400BE6469 /* XCRemoteSwiftPackageReference "WrappingHStack" */;
			productName = WrappingHStack;
		};
		6689E9D12BDA404F00ABC0F2 /* CenteredCollectionView */ = {
			isa = XCSwiftPackageProductDependency;
			package = 6689E9D02BDA404F00ABC0F2 /* XCRemoteSwiftPackageReference "CenteredCollectionView" */;
			productName = CenteredCollectionView;
		};
		F939063F2BE6B596001E3FBD /* GoogleSignIn */ = {
			isa = XCSwiftPackageProductDependency;
			package = F939063E2BE6B596001E3FBD /* XCRemoteSwiftPackageReference "GoogleSignIn-iOS" */;
			productName = GoogleSignIn;
		};
		F93906412BE6B596001E3FBD /* GoogleSignInSwift */ = {
			isa = XCSwiftPackageProductDependency;
			package = F939063E2BE6B596001E3FBD /* XCRemoteSwiftPackageReference "GoogleSignIn-iOS" */;
			productName = GoogleSignInSwift;
		};
		F9B8732F2A250B3500806327 /* LocationPicker */ = {
			isa = XCSwiftPackageProductDependency;
			package = F9B8732E2A250B3500806327 /* XCRemoteSwiftPackageReference "LocationPickerForSwiftUI" */;
			productName = LocationPicker;
		};
/* End XCSwiftPackageProductDependency section */
	};
	rootObject = F99AC4112A1BD15F00188124 /* Project object */;
}
